
Microsoft Visual Studio Solution File, Format Version 12.00
# Visual Studio Version 17
VisualStudioVersion = 17.5.002.0
MinimumVisualStudioVersion = 10.0.40219.1
Project("{9A19103F-16F7-4668-BE54-9A1E7A4F7556}") = "DuckSimulatorApp", "DuckSimulatorApp\DuckSimulatorApp.csproj", "{4CE12D39-B96F-498D-A803-A88A4D026AC1}"
EndProject
Project("{9A19103F-16F7-4668-BE54-9A1E7A4F7556}") = "WeatherStationApp", "WeatherStationApp\WeatherStationApp.csproj", "{CF92A779-550E-4733-9BF8-0016A63F41A9}"
EndProject
Project("{FAE04EC0-301F-11D3-BF4B-00C04F79EFBC}") = "StarBuzzCoffeeApp", "StarBuzzCoffeeApp\StarBuzzCoffeeApp.csproj", "{2975E79A-4963-4A7E-85ED-438E3064226B}"
EndProject
Global
	GlobalSection(SolutionConfigurationPlatforms) = preSolution
		Debug|Any CPU = Debug|Any CPU
		Release|Any CPU = Release|Any CPU
	EndGlobalSection
	GlobalSection(ProjectConfigurationPlatforms) = postSolution
		{4CE12D39-B96F-498D-A803-A88A4D026AC1}.Debug|Any CPU.ActiveCfg = Debug|Any CPU
		{4CE12D39-B96F-498D-A803-A88A4D026AC1}.Debug|Any CPU.Build.0 = Debug|Any CPU
		{4CE12D39-B96F-498D-A803-A88A4D026AC1}.Release|Any CPU.ActiveCfg = Release|Any CPU
		{4CE12D39-B96F-498D-A803-A88A4D026AC1}.Release|Any CPU.Build.0 = Release|Any CPU
		{CF92A779-550E-4733-9BF8-0016A63F41A9}.Debug|Any CPU.ActiveCfg = Debug|Any CPU
		{CF92A779-550E-4733-9BF8-0016A63F41A9}.Debug|Any CPU.Build.0 = Debug|Any CPU
		{CF92A779-550E-4733-9BF8-0016A63F41A9}.Release|Any CPU.ActiveCfg = Release|Any CPU
		{CF92A779-550E-4733-9BF8-0016A63F41A9}.Release|Any CPU.Build.0 = Release|Any CPU
		{2975E79A-4963-4A7E-85ED-438E3064226B}.Debug|Any CPU.ActiveCfg = Debug|Any CPU
		{2975E79A-4963-4A7E-85ED-438E3064226B}.Debug|Any CPU.Build.0 = Debug|Any CPU
		{2975E79A-4963-4A7E-85ED-438E3064226B}.Release|Any CPU.ActiveCfg = Release|Any CPU
		{2975E79A-4963-4A7E-85ED-438E3064226B}.Release|Any CPU.Build.0 = Release|Any CPU
	EndGlobalSection
	GlobalSection(SolutionProperties) = preSolution
		HideSolutionNode = FALSE
	EndGlobalSection
	GlobalSection(ExtensibilityGlobals) = postSolution
		SolutionGuid = {E57C3642-4C8B-4B7A-97D7-83374E65EC25}
	EndGlobalSection
EndGlobal
